
Microsoft Visual Studio Solution File, Format Version 12.00
# Visual Studio Version 17
VisualStudioVersion = 17.2.32516.85
MinimumVisualStudioVersion = 10.0.40219.1
Project("{2150E333-8FDC-42A3-9474-1A3956D46DE8}") = "Entities", "Entities", "{F6578B10-3651-4DEE-898D-C3BC432E6608}"
EndProject
Project("{2150E333-8FDC-42A3-9474-1A3956D46DE8}") = "DAL", "DAL", "{194C794B-80B4-41BB-B2AD-274CD8701682}"
EndProject
Project("{2150E333-8FDC-42A3-9474-1A3956D46DE8}") = "BLL", "BLL", "{A215CDA6-93FD-47F9-A903-E5FF04DB3967}"
EndProject
Project("{2150E333-8FDC-42A3-9474-1A3956D46DE8}") = "PL", "PL", "{70F07A8A-AA34-41B4-927C-9AE43DE18135}"
EndProject
Project("{9A19103F-16F7-4668-BE54-9A1E7A4F7556}") = "VKR.DAL.NET5", "VKR.DAL.NET5\VKR.DAL.NET5.csproj", "{CE7ECB11-DA94-4079-B11C-4BD00094B405}"
EndProject
Project("{9A19103F-16F7-4668-BE54-9A1E7A4F7556}") = "VKR.BLL.NET5", "VKR.BLL.NET5\VKR.BLL.NET5.csproj", "{EDA3C0DE-39CA-4B5C-A139-B43D7CC45E14}"
EndProject
Project("{9A19103F-16F7-4668-BE54-9A1E7A4F7556}") = "VKR.PL.Utils.NET5", "VKR.PL.Utils.NET5\VKR.PL.Utils.NET5.csproj", "{69EE3CFF-A7D6-4ADF-96B8-AE1FF5920703}"
EndProject
Project("{9A19103F-16F7-4668-BE54-9A1E7A4F7556}") = "VKR.PL.Controls.NET5", "VKR.PL.Controls.NET5\VKR.PL.Controls.NET5.csproj", "{4B3A3C3F-19FE-4700-B307-2A30B148C205}"
EndProject
Project("{9A19103F-16F7-4668-BE54-9A1E7A4F7556}") = "VKR.PL.NET5", "VKR.PL.NET5\VKR.PL.NET5.csproj", "{50C209EE-E485-464A-A073-59F4ACC9D7D0}"
EndProject
Project("{FAE04EC0-301F-11D3-BF4B-00C04F79EFBC}") = "VKR.PL.DBHelper", "VKR.PL.DBHelper\VKR.PL.DBHelper.csproj", "{69638A2B-C1ED-4751-9CC6-A5099E7C1575}"
EndProject
Project("{9A19103F-16F7-4668-BE54-9A1E7A4F7556}") = "VKR.EF.DAO", "VKR.EF.DAO\VKR.EF.DAO.csproj", "{7F7170A4-C919-45FE-8532-7A15B794BEA6}"
EndProject
Project("{9A19103F-16F7-4668-BE54-9A1E7A4F7556}") = "VKR.EF.Entities", "VKR.EF.Entities\VKR.EF.Entities.csproj", "{036E3DCE-30CB-4A61-87AE-421DECF663BC}"
EndProject
Global
	GlobalSection(SolutionConfigurationPlatforms) = preSolution
		Debug|Any CPU = Debug|Any CPU
		Release|Any CPU = Release|Any CPU
	EndGlobalSection
	GlobalSection(ProjectConfigurationPlatforms) = postSolution
		{CE7ECB11-DA94-4079-B11C-4BD00094B405}.Debug|Any CPU.ActiveCfg = Debug|Any CPU
		{CE7ECB11-DA94-4079-B11C-4BD00094B405}.Debug|Any CPU.Build.0 = Debug|Any CPU
		{CE7ECB11-DA94-4079-B11C-4BD00094B405}.Release|Any CPU.ActiveCfg = Release|Any CPU
		{CE7ECB11-DA94-4079-B11C-4BD00094B405}.Release|Any CPU.Build.0 = Release|Any CPU
		{EDA3C0DE-39CA-4B5C-A139-B43D7CC45E14}.Debug|Any CPU.ActiveCfg = Debug|Any CPU
		{EDA3C0DE-39CA-4B5C-A139-B43D7CC45E14}.Debug|Any CPU.Build.0 = Debug|Any CPU
		{EDA3C0DE-39CA-4B5C-A139-B43D7CC45E14}.Release|Any CPU.ActiveCfg = Release|Any CPU
		{EDA3C0DE-39CA-4B5C-A139-B43D7CC45E14}.Release|Any CPU.Build.0 = Release|Any CPU
		{69EE3CFF-A7D6-4ADF-96B8-AE1FF5920703}.Debug|Any CPU.ActiveCfg = Debug|Any CPU
		{69EE3CFF-A7D6-4ADF-96B8-AE1FF5920703}.Debug|Any CPU.Build.0 = Debug|Any CPU
		{69EE3CFF-A7D6-4ADF-96B8-AE1FF5920703}.Release|Any CPU.ActiveCfg = Release|Any CPU
		{69EE3CFF-A7D6-4ADF-96B8-AE1FF5920703}.Release|Any CPU.Build.0 = Release|Any CPU
		{4B3A3C3F-19FE-4700-B307-2A30B148C205}.Debug|Any CPU.ActiveCfg = Debug|Any CPU
		{4B3A3C3F-19FE-4700-B307-2A30B148C205}.Debug|Any CPU.Build.0 = Debug|Any CPU
		{4B3A3C3F-19FE-4700-B307-2A30B148C205}.Release|Any CPU.ActiveCfg = Release|Any CPU
		{4B3A3C3F-19FE-4700-B307-2A30B148C205}.Release|Any CPU.Build.0 = Release|Any CPU
		{50C209EE-E485-464A-A073-59F4ACC9D7D0}.Debug|Any CPU.ActiveCfg = Debug|Any CPU
		{50C209EE-E485-464A-A073-59F4ACC9D7D0}.Debug|Any CPU.Build.0 = Debug|Any CPU
		{50C209EE-E485-464A-A073-59F4ACC9D7D0}.Release|Any CPU.ActiveCfg = Release|Any CPU
		{50C209EE-E485-464A-A073-59F4ACC9D7D0}.Release|Any CPU.Build.0 = Release|Any CPU
		{69638A2B-C1ED-4751-9CC6-A5099E7C1575}.Debug|Any CPU.ActiveCfg = Debug|Any CPU
		{69638A2B-C1ED-4751-9CC6-A5099E7C1575}.Debug|Any CPU.Build.0 = Debug|Any CPU
		{69638A2B-C1ED-4751-9CC6-A5099E7C1575}.Release|Any CPU.ActiveCfg = Release|Any CPU
		{69638A2B-C1ED-4751-9CC6-A5099E7C1575}.Release|Any CPU.Build.0 = Release|Any CPU
		{7F7170A4-C919-45FE-8532-7A15B794BEA6}.Debug|Any CPU.ActiveCfg = Debug|Any CPU
		{7F7170A4-C919-45FE-8532-7A15B794BEA6}.Debug|Any CPU.Build.0 = Debug|Any CPU
		{7F7170A4-C919-45FE-8532-7A15B794BEA6}.Release|Any CPU.ActiveCfg = Release|Any CPU
		{7F7170A4-C919-45FE-8532-7A15B794BEA6}.Release|Any CPU.Build.0 = Release|Any CPU
		{036E3DCE-30CB-4A61-87AE-421DECF663BC}.Debug|Any CPU.ActiveCfg = Debug|Any CPU
		{036E3DCE-30CB-4A61-87AE-421DECF663BC}.Debug|Any CPU.Build.0 = Debug|Any CPU
		{036E3DCE-30CB-4A61-87AE-421DECF663BC}.Release|Any CPU.ActiveCfg = Release|Any CPU
		{036E3DCE-30CB-4A61-87AE-421DECF663BC}.Release|Any CPU.Build.0 = Release|Any CPU
	EndGlobalSection
	GlobalSection(SolutionProperties) = preSolution
		HideSolutionNode = FALSE
	EndGlobalSection
	GlobalSection(NestedProjects) = preSolution
		{CE7ECB11-DA94-4079-B11C-4BD00094B405} = {194C794B-80B4-41BB-B2AD-274CD8701682}
		{EDA3C0DE-39CA-4B5C-A139-B43D7CC45E14} = {A215CDA6-93FD-47F9-A903-E5FF04DB3967}
		{69EE3CFF-A7D6-4ADF-96B8-AE1FF5920703} = {70F07A8A-AA34-41B4-927C-9AE43DE18135}
		{4B3A3C3F-19FE-4700-B307-2A30B148C205} = {70F07A8A-AA34-41B4-927C-9AE43DE18135}
		{50C209EE-E485-464A-A073-59F4ACC9D7D0} = {70F07A8A-AA34-41B4-927C-9AE43DE18135}
		{69638A2B-C1ED-4751-9CC6-A5099E7C1575} = {70F07A8A-AA34-41B4-927C-9AE43DE18135}
		{7F7170A4-C919-45FE-8532-7A15B794BEA6} = {194C794B-80B4-41BB-B2AD-274CD8701682}
		{036E3DCE-30CB-4A61-87AE-421DECF663BC} = {F6578B10-3651-4DEE-898D-C3BC432E6608}
	EndGlobalSection
	GlobalSection(ExtensibilityGlobals) = postSolution
		SolutionGuid = {3A946159-DF14-41CF-8649-72B676AFFD44}
	EndGlobalSection
EndGlobal
